
Microsoft Visual Studio Solution File, Format Version 12.00
# Visual Studio Version 17
VisualStudioVersion = 17.2.32519.379
MinimumVisualStudioVersion = 10.0.40219.1
Project("{9A19103F-16F7-4668-BE54-9A1E7A4F7556}") = "LeagueOfLegendsBoxer", "LeagueOfLegendsBoxer\LeagueOfLegendsBoxer.csproj", "{72D82F21-CD1E-49FD-AC43-B2443B1264D3}"
EndProject
Project("{9A19103F-16F7-4668-BE54-9A1E7A4F7556}") = "LeagueOfLegendsBoxer.Core", "LeagueOfLegendsBoxer.Core\LeagueOfLegendsBoxer.Core.csproj", "{2936DD4B-7EEB-41CB-BE13-47B931200AD2}"
EndProject
Project("{9A19103F-16F7-4668-BE54-9A1E7A4F7556}") = "LeagueOfLegendsBoxer.Application", "LeagueOfLegendsBoxer.Application\LeagueOfLegendsBoxer.Application.csproj", "{EEC239D9-31E1-4A49-9D3D-10143B210DE1}"
EndProject
Global
	GlobalSection(SolutionConfigurationPlatforms) = preSolution
		Debug|Any CPU = Debug|Any CPU
		Release|Any CPU = Release|Any CPU
	EndGlobalSection
	GlobalSection(ProjectConfigurationPlatforms) = postSolution
		{72D82F21-CD1E-49FD-AC43-B2443B1264D3}.Debug|Any CPU.ActiveCfg = Debug|Any CPU
		{72D82F21-CD1E-49FD-AC43-B2443B1264D3}.Debug|Any CPU.Build.0 = Debug|Any CPU
		{72D82F21-CD1E-49FD-AC43-B2443B1264D3}.Release|Any CPU.ActiveCfg = Release|Any CPU
		{72D82F21-CD1E-49FD-AC43-B2443B1264D3}.Release|Any CPU.Build.0 = Release|Any CPU
		{2936DD4B-7EEB-41CB-BE13-47B931200AD2}.Debug|Any CPU.ActiveCfg = Debug|Any CPU
		{2936DD4B-7EEB-41CB-BE13-47B931200AD2}.Debug|Any CPU.Build.0 = Debug|Any CPU
		{2936DD4B-7EEB-41CB-BE13-47B931200AD2}.Release|Any CPU.ActiveCfg = Release|Any CPU
		{2936DD4B-7EEB-41CB-BE13-47B931200AD2}.Release|Any CPU.Build.0 = Release|Any CPU
		{EEC239D9-31E1-4A49-9D3D-10143B210DE1}.Debug|Any CPU.ActiveCfg = Debug|Any CPU
		{EEC239D9-31E1-4A49-9D3D-10143B210DE1}.Debug|Any CPU.Build.0 = Debug|Any CPU
		{EEC239D9-31E1-4A49-9D3D-10143B210DE1}.Release|Any CPU.ActiveCfg = Release|Any CPU
		{EEC239D9-31E1-4A49-9D3D-10143B210DE1}.Release|Any CPU.Build.0 = Release|Any CPU
	EndGlobalSection
	GlobalSection(SolutionProperties) = preSolution
		HideSolutionNode = FALSE
	EndGlobalSection
	GlobalSection(ExtensibilityGlobals) = postSolution
		SolutionGuid = {BD6CE941-3E78-43C3-9E32-78C1ACDAB136}
	EndGlobalSection
EndGlobal
